
Microsoft Visual Studio Solution File, Format Version 12.00
# Visual Studio 15
VisualStudioVersion = 15.0.28010.2036
MinimumVisualStudioVersion = 10.0.40219.1
Project("{8BC9CEB8-8B4A-11D0-8D11-00A0C91BC942}") = "Task1", "Task1\Task1.vcxproj", "{DFA1341A-8243-468F-B701-A0840CE21CBC}"
EndProject
Project("{8BC9CEB8-8B4A-11D0-8D11-00A0C91BC942}") = "Task2", "Task2\Task2.vcxproj", "{058F62C2-90B8-4BEA-ADD4-66861EAE1F91}"
EndProject
Project("{8BC9CEB8-8B4A-11D0-8D11-00A0C91BC942}") = "Task3", "Task3\Task3.vcxproj", "{FC0F0514-ABC2-42FE-87B6-250CF7717878}"
EndProject
Project("{8BC9CEB8-8B4A-11D0-8D11-00A0C91BC942}") = "Task4", "Task4\Task4.vcxproj", "{EA299E78-8E58-4B89-B3CC-FE4FF8D2725F}"
EndProject
Global
	GlobalSection(SolutionConfigurationPlatforms) = preSolution
		Debug|x64 = Debug|x64
		Debug|x86 = Debug|x86
		Release|x64 = Release|x64
		Release|x86 = Release|x86
	EndGlobalSection
	GlobalSection(ProjectConfigurationPlatforms) = postSolution
		{DFA1341A-8243-468F-B701-A0840CE21CBC}.Debug|x64.ActiveCfg = Debug|x64
		{DFA1341A-8243-468F-B701-A0840CE21CBC}.Debug|x64.Build.0 = Debug|x64
		{DFA1341A-8243-468F-B701-A0840CE21CBC}.Debug|x86.ActiveCfg = Debug|Win32
		{DFA1341A-8243-468F-B701-A0840CE21CBC}.Debug|x86.Build.0 = Debug|Win32
		{DFA1341A-8243-468F-B701-A0840CE21CBC}.Release|x64.ActiveCfg = Release|x64
		{DFA1341A-8243-468F-B701-A0840CE21CBC}.Release|x64.Build.0 = Release|x64
		{DFA1341A-8243-468F-B701-A0840CE21CBC}.Release|x86.ActiveCfg = Release|Win32
		{DFA1341A-8243-468F-B701-A0840CE21CBC}.Release|x86.Build.0 = Release|Win32
		{058F62C2-90B8-4BEA-ADD4-66861EAE1F91}.Debug|x64.ActiveCfg = Debug|x64
		{058F62C2-90B8-4BEA-ADD4-66861EAE1F91}.Debug|x64.Build.0 = Debug|x64
		{058F62C2-90B8-4BEA-ADD4-66861EAE1F91}.Debug|x86.ActiveCfg = Debug|Win32
		{058F62C2-90B8-4BEA-ADD4-66861EAE1F91}.Debug|x86.Build.0 = Debug|Win32
		{058F62C2-90B8-4BEA-ADD4-66861EAE1F91}.Release|x64.ActiveCfg = Release|x64
		{058F62C2-90B8-4BEA-ADD4-66861EAE1F91}.Release|x64.Build.0 = Release|x64
		{058F62C2-90B8-4BEA-ADD4-66861EAE1F91}.Release|x86.ActiveCfg = Release|Win32
		{058F62C2-90B8-4BEA-ADD4-66861EAE1F91}.Release|x86.Build.0 = Release|Win32
		{FC0F0514-ABC2-42FE-87B6-250CF7717878}.Debug|x64.ActiveCfg = Debug|x64
		{FC0F0514-ABC2-42FE-87B6-250CF7717878}.Debug|x64.Build.0 = Debug|x64
		{FC0F0514-ABC2-42FE-87B6-250CF7717878}.Debug|x86.ActiveCfg = Debug|Win32
		{FC0F0514-ABC2-42FE-87B6-250CF7717878}.Debug|x86.Build.0 = Debug|Win32
		{FC0F0514-ABC2-42FE-87B6-250CF7717878}.Release|x64.ActiveCfg = Release|x64
		{FC0F0514-ABC2-42FE-87B6-250CF7717878}.Release|x64.Build.0 = Release|x64
		{FC0F0514-ABC2-42FE-87B6-250CF7717878}.Release|x86.ActiveCfg = Release|Win32
		{FC0F0514-ABC2-42FE-87B6-250CF7717878}.Release|x86.Build.0 = Release|Win32
		{EA299E78-8E58-4B89-B3CC-FE4FF8D2725F}.Debug|x64.ActiveCfg = Debug|x64
		{EA299E78-8E58-4B89-B3CC-FE4FF8D2725F}.Debug|x64.Build.0 = Debug|x64
		{EA299E78-8E58-4B89-B3CC-FE4FF8D2725F}.Debug|x86.ActiveCfg = Debug|Win32
		{EA299E78-8E58-4B89-B3CC-FE4FF8D2725F}.Debug|x86.Build.0 = Debug|Win32
		{EA299E78-8E58-4B89-B3CC-FE4FF8D2725F}.Release|x64.ActiveCfg = Release|x64
		{EA299E78-8E58-4B89-B3CC-FE4FF8D2725F}.Release|x64.Build.0 = Release|x64
		{EA299E78-8E58-4B89-B3CC-FE4FF8D2725F}.Release|x86.ActiveCfg = Release|Win32
		{EA299E78-8E58-4B89-B3CC-FE4FF8D2725F}.Release|x86.Build.0 = Release|Win32
	EndGlobalSection
	GlobalSection(SolutionProperties) = preSolution
		HideSolutionNode = FALSE
	EndGlobalSection
	GlobalSection(ExtensibilityGlobals) = postSolution
		SolutionGuid = {379E5128-6D8B-44A8-B1E9-8625E1976F78}
	EndGlobalSection
EndGlobal
