
Microsoft Visual Studio Solution File, Format Version 12.00
# Visual Studio Version 16
VisualStudioVersion = 16.0.28729.10
MinimumVisualStudioVersion = 10.0.40219.1
Project("{8BC9CEB8-8B4A-11D0-8D11-00A0C91BC942}") = "Kurs", "Kurs\Kurs.vcxproj", "{D63DD444-5DAF-4C72-BE35-2EED405B15E8}"
EndProject
Global
	GlobalSection(SolutionConfigurationPlatforms) = preSolution
		Debug|x64 = Debug|x64
		Debug|x86 = Debug|x86
		Release|x64 = Release|x64
		Release|x86 = Release|x86
	EndGlobalSection
	GlobalSection(ProjectConfigurationPlatforms) = postSolution
		{D63DD444-5DAF-4C72-BE35-2EED405B15E8}.Debug|x64.ActiveCfg = Debug|x64
		{D63DD444-5DAF-4C72-BE35-2EED405B15E8}.Debug|x64.Build.0 = Debug|x64
		{D63DD444-5DAF-4C72-BE35-2EED405B15E8}.Debug|x86.ActiveCfg = Debug|Win32
		{D63DD444-5DAF-4C72-BE35-2EED405B15E8}.Debug|x86.Build.0 = Debug|Win32
		{D63DD444-5DAF-4C72-BE35-2EED405B15E8}.Release|x64.ActiveCfg = Release|x64
		{D63DD444-5DAF-4C72-BE35-2EED405B15E8}.Release|x64.Build.0 = Release|x64
		{D63DD444-5DAF-4C72-BE35-2EED405B15E8}.Release|x86.ActiveCfg = Release|Win32
		{D63DD444-5DAF-4C72-BE35-2EED405B15E8}.Release|x86.Build.0 = Release|Win32
	EndGlobalSection
	GlobalSection(SolutionProperties) = preSolution
		HideSolutionNode = FALSE
	EndGlobalSection
	GlobalSection(ExtensibilityGlobals) = postSolution
		SolutionGuid = {EA433F81-E4A7-40D1-9AE2-87941CF0C712}
	EndGlobalSection
EndGlobal
